
Microsoft Visual Studio Solution File, Format Version 12.00
# Visual Studio Version 16
VisualStudioVersion = 16.0.31727.386
MinimumVisualStudioVersion = 10.0.40219.1
Project("{FAE04EC0-301F-11D3-BF4B-00C04F79EFBC}") = "ApkSideLoader.UWP", "ApkSideLoader\ApkSideLoader.UWP\ApkSideLoader.UWP.csproj", "{CF2D9B4D-5214-4FEC-ACBC-8D7B04570EFA}"
EndProject
Project("{FAE04EC0-301F-11D3-BF4B-00C04F79EFBC}") = "ApkSideLoader.Android", "ApkSideLoader\ApkSideLoader.Android\ApkSideLoader.Android.csproj", "{E9458C5A-EE36-4044-B043-85684F4BF02B}"
EndProject
Project("{FAE04EC0-301F-11D3-BF4B-00C04F79EFBC}") = "ApkSideLoader.iOS", "ApkSideLoader\ApkSideLoader.iOS\ApkSideLoader.iOS.csproj", "{A33191AC-EA17-4E45-A257-10079CDDDB39}"
EndProject
Project("{FAE04EC0-301F-11D3-BF4B-00C04F79EFBC}") = "ApkSideLoader", "ApkSideLoader\ApkSideLoader\ApkSideLoader.csproj", "{A6AE2147-E9BE-43E3-B1B2-78DD0FFB3404}"
EndProject
Project("{FAE04EC0-301F-11D3-BF4B-00C04F79EFBC}") = "ApkSideLoader.WPF", "ApkSideLoader\ApkSideLoader.WPF\ApkSideLoader.WPF.csproj", "{A811C28B-49E9-4501-A04F-93AF389C621D}"
EndProject
Global
	GlobalSection(SolutionConfigurationPlatforms) = preSolution
		Debug|Any CPU = Debug|Any CPU
		Debug|ARM = Debug|ARM
		Debug|iPhone = Debug|iPhone
		Debug|iPhoneSimulator = Debug|iPhoneSimulator
		Debug|x64 = Debug|x64
		Debug|x86 = Debug|x86
		Release|Any CPU = Release|Any CPU
		Release|ARM = Release|ARM
		Release|iPhone = Release|iPhone
		Release|iPhoneSimulator = Release|iPhoneSimulator
		Release|x64 = Release|x64
		Release|x86 = Release|x86
	EndGlobalSection
	GlobalSection(ProjectConfigurationPlatforms) = postSolution
		{CF2D9B4D-5214-4FEC-ACBC-8D7B04570EFA}.Debug|Any CPU.ActiveCfg = Debug|x86
		{CF2D9B4D-5214-4FEC-ACBC-8D7B04570EFA}.Debug|Any CPU.Build.0 = Debug|x86
		{CF2D9B4D-5214-4FEC-ACBC-8D7B04570EFA}.Debug|Any CPU.Deploy.0 = Debug|x86
		{CF2D9B4D-5214-4FEC-ACBC-8D7B04570EFA}.Debug|ARM.ActiveCfg = Debug|ARM
		{CF2D9B4D-5214-4FEC-ACBC-8D7B04570EFA}.Debug|ARM.Build.0 = Debug|ARM
		{CF2D9B4D-5214-4FEC-ACBC-8D7B04570EFA}.Debug|ARM.Deploy.0 = Debug|ARM
		{CF2D9B4D-5214-4FEC-ACBC-8D7B04570EFA}.Debug|iPhone.ActiveCfg = Debug|x86
		{CF2D9B4D-5214-4FEC-ACBC-8D7B04570EFA}.Debug|iPhone.Build.0 = Debug|x86
		{CF2D9B4D-5214-4FEC-ACBC-8D7B04570EFA}.Debug|iPhone.Deploy.0 = Debug|x86
		{CF2D9B4D-5214-4FEC-ACBC-8D7B04570EFA}.Debug|iPhoneSimulator.ActiveCfg = Debug|x86
		{CF2D9B4D-5214-4FEC-ACBC-8D7B04570EFA}.Debug|iPhoneSimulator.Build.0 = Debug|x86
		{CF2D9B4D-5214-4FEC-ACBC-8D7B04570EFA}.Debug|iPhoneSimulator.Deploy.0 = Debug|x86
		{CF2D9B4D-5214-4FEC-ACBC-8D7B04570EFA}.Debug|x64.ActiveCfg = Debug|x64
		{CF2D9B4D-5214-4FEC-ACBC-8D7B04570EFA}.Debug|x64.Build.0 = Debug|x64
		{CF2D9B4D-5214-4FEC-ACBC-8D7B04570EFA}.Debug|x64.Deploy.0 = Debug|x64
		{CF2D9B4D-5214-4FEC-ACBC-8D7B04570EFA}.Debug|x86.ActiveCfg = Debug|x86
		{CF2D9B4D-5214-4FEC-ACBC-8D7B04570EFA}.Debug|x86.Build.0 = Debug|x86
		{CF2D9B4D-5214-4FEC-ACBC-8D7B04570EFA}.Debug|x86.Deploy.0 = Debug|x86
		{CF2D9B4D-5214-4FEC-ACBC-8D7B04570EFA}.Release|Any CPU.ActiveCfg = Release|x86
		{CF2D9B4D-5214-4FEC-ACBC-8D7B04570EFA}.Release|Any CPU.Build.0 = Release|x86
		{CF2D9B4D-5214-4FEC-ACBC-8D7B04570EFA}.Release|Any CPU.Deploy.0 = Release|x86
		{CF2D9B4D-5214-4FEC-ACBC-8D7B04570EFA}.Release|ARM.ActiveCfg = Release|ARM
		{CF2D9B4D-5214-4FEC-ACBC-8D7B04570EFA}.Release|ARM.Build.0 = Release|ARM
		{CF2D9B4D-5214-4FEC-ACBC-8D7B04570EFA}.Release|ARM.Deploy.0 = Release|ARM
		{CF2D9B4D-5214-4FEC-ACBC-8D7B04570EFA}.Release|iPhone.ActiveCfg = Release|x86
		{CF2D9B4D-5214-4FEC-ACBC-8D7B04570EFA}.Release|iPhone.Build.0 = Release|x86
		{CF2D9B4D-5214-4FEC-ACBC-8D7B04570EFA}.Release|iPhone.Deploy.0 = Release|x86
		{CF2D9B4D-5214-4FEC-ACBC-8D7B04570EFA}.Release|iPhoneSimulator.ActiveCfg = Release|x86
		{CF2D9B4D-5214-4FEC-ACBC-8D7B04570EFA}.Release|iPhoneSimulator.Build.0 = Release|x86
		{CF2D9B4D-5214-4FEC-ACBC-8D7B04570EFA}.Release|iPhoneSimulator.Deploy.0 = Release|x86
		{CF2D9B4D-5214-4FEC-ACBC-8D7B04570EFA}.Release|x64.ActiveCfg = Release|x64
		{CF2D9B4D-5214-4FEC-ACBC-8D7B04570EFA}.Release|x64.Build.0 = Release|x64
		{CF2D9B4D-5214-4FEC-ACBC-8D7B04570EFA}.Release|x64.Deploy.0 = Release|x64
		{CF2D9B4D-5214-4FEC-ACBC-8D7B04570EFA}.Release|x86.ActiveCfg = Release|x86
		{CF2D9B4D-5214-4FEC-ACBC-8D7B04570EFA}.Release|x86.Build.0 = Release|x86
		{CF2D9B4D-5214-4FEC-ACBC-8D7B04570EFA}.Release|x86.Deploy.0 = Release|x86
		{E9458C5A-EE36-4044-B043-85684F4BF02B}.Debug|Any CPU.ActiveCfg = Debug|Any CPU
		{E9458C5A-EE36-4044-B043-85684F4BF02B}.Debug|Any CPU.Build.0 = Debug|Any CPU
		{E9458C5A-EE36-4044-B043-85684F4BF02B}.Debug|Any CPU.Deploy.0 = Debug|Any CPU
		{E9458C5A-EE36-4044-B043-85684F4BF02B}.Debug|ARM.ActiveCfg = Debug|Any CPU
		{E9458C5A-EE36-4044-B043-85684F4BF02B}.Debug|ARM.Build.0 = Debug|Any CPU
		{E9458C5A-EE36-4044-B043-85684F4BF02B}.Debug|ARM.Deploy.0 = Debug|Any CPU
		{E9458C5A-EE36-4044-B043-85684F4BF02B}.Debug|iPhone.ActiveCfg = Debug|Any CPU
		{E9458C5A-EE36-4044-B043-85684F4BF02B}.Debug|iPhone.Build.0 = Debug|Any CPU
		{E9458C5A-EE36-4044-B043-85684F4BF02B}.Debug|iPhone.Deploy.0 = Debug|Any CPU
		{E9458C5A-EE36-4044-B043-85684F4BF02B}.Debug|iPhoneSimulator.ActiveCfg = Debug|Any CPU
		{E9458C5A-EE36-4044-B043-85684F4BF02B}.Debug|iPhoneSimulator.Build.0 = Debug|Any CPU
		{E9458C5A-EE36-4044-B043-85684F4BF02B}.Debug|iPhoneSimulator.Deploy.0 = Debug|Any CPU
		{E9458C5A-EE36-4044-B043-85684F4BF02B}.Debug|x64.ActiveCfg = Debug|Any CPU
		{E9458C5A-EE36-4044-B043-85684F4BF02B}.Debug|x64.Build.0 = Debug|Any CPU
		{E9458C5A-EE36-4044-B043-85684F4BF02B}.Debug|x64.Deploy.0 = Debug|Any CPU
		{E9458C5A-EE36-4044-B043-85684F4BF02B}.Debug|x86.ActiveCfg = Debug|Any CPU
		{E9458C5A-EE36-4044-B043-85684F4BF02B}.Debug|x86.Build.0 = Debug|Any CPU
		{E9458C5A-EE36-4044-B043-85684F4BF02B}.Debug|x86.Deploy.0 = Debug|Any CPU
		{E9458C5A-EE36-4044-B043-85684F4BF02B}.Release|Any CPU.ActiveCfg = Release|Any CPU
		{E9458C5A-EE36-4044-B043-85684F4BF02B}.Release|Any CPU.Build.0 = Release|Any CPU
		{E9458C5A-EE36-4044-B043-85684F4BF02B}.Release|Any CPU.Deploy.0 = Release|Any CPU
		{E9458C5A-EE36-4044-B043-85684F4BF02B}.Release|ARM.ActiveCfg = Release|Any CPU
		{E9458C5A-EE36-4044-B043-85684F4BF02B}.Release|ARM.Build.0 = Release|Any CPU
		{E9458C5A-EE36-4044-B043-85684F4BF02B}.Release|ARM.Deploy.0 = Release|Any CPU
		{E9458C5A-EE36-4044-B043-85684F4BF02B}.Release|iPhone.ActiveCfg = Release|Any CPU
		{E9458C5A-EE36-4044-B043-85684F4BF02B}.Release|iPhone.Build.0 = Release|Any CPU
		{E9458C5A-EE36-4044-B043-85684F4BF02B}.Release|iPhone.Deploy.0 = Release|Any CPU
		{E9458C5A-EE36-4044-B043-85684F4BF02B}.Release|iPhoneSimulator.ActiveCfg = Release|Any CPU
		{E9458C5A-EE36-4044-B043-85684F4BF02B}.Release|iPhoneSimulator.Build.0 = Release|Any CPU
		{E9458C5A-EE36-4044-B043-85684F4BF02B}.Release|iPhoneSimulator.Deploy.0 = Release|Any CPU
		{E9458C5A-EE36-4044-B043-85684F4BF02B}.Release|x64.ActiveCfg = Release|Any CPU
		{E9458C5A-EE36-4044-B043-85684F4BF02B}.Release|x64.Build.0 = Release|Any CPU
		{E9458C5A-EE36-4044-B043-85684F4BF02B}.Release|x64.Deploy.0 = Release|Any CPU
		{E9458C5A-EE36-4044-B043-85684F4BF02B}.Release|x86.ActiveCfg = Release|Any CPU
		{E9458C5A-EE36-4044-B043-85684F4BF02B}.Release|x86.Build.0 = Release|Any CPU
		{E9458C5A-EE36-4044-B043-85684F4BF02B}.Release|x86.Deploy.0 = Release|Any CPU
		{A33191AC-EA17-4E45-A257-10079CDDDB39}.Debug|Any CPU.ActiveCfg = Debug|iPhoneSimulator
		{A33191AC-EA17-4E45-A257-10079CDDDB39}.Debug|Any CPU.Build.0 = Debug|iPhoneSimulator
		{A33191AC-EA17-4E45-A257-10079CDDDB39}.Debug|Any CPU.Deploy.0 = Debug|iPhoneSimulator
		{A33191AC-EA17-4E45-A257-10079CDDDB39}.Debug|ARM.ActiveCfg = Debug|iPhone
		{A33191AC-EA17-4E45-A257-10079CDDDB39}.Debug|ARM.Build.0 = Debug|iPhone
		{A33191AC-EA17-4E45-A257-10079CDDDB39}.Debug|ARM.Deploy.0 = Debug|iPhone
		{A33191AC-EA17-4E45-A257-10079CDDDB39}.Debug|iPhone.ActiveCfg = Debug|iPhone
		{A33191AC-EA17-4E45-A257-10079CDDDB39}.Debug|iPhone.Build.0 = Debug|iPhone
		{A33191AC-EA17-4E45-A257-10079CDDDB39}.Debug|iPhone.Deploy.0 = Debug|iPhone
		{A33191AC-EA17-4E45-A257-10079CDDDB39}.Debug|iPhoneSimulator.ActiveCfg = Debug|iPhoneSimulator
		{A33191AC-EA17-4E45-A257-10079CDDDB39}.Debug|iPhoneSimulator.Build.0 = Debug|iPhoneSimulator
		{A33191AC-EA17-4E45-A257-10079CDDDB39}.Debug|iPhoneSimulator.Deploy.0 = Debug|iPhoneSimulator
		{A33191AC-EA17-4E45-A257-10079CDDDB39}.Debug|x64.ActiveCfg = Debug|iPhoneSimulator
		{A33191AC-EA17-4E45-A257-10079CDDDB39}.Debug|x64.Build.0 = Debug|iPhoneSimulator
		{A33191AC-EA17-4E45-A257-10079CDDDB39}.Debug|x64.Deploy.0 = Debug|iPhoneSimulator
		{A33191AC-EA17-4E45-A257-10079CDDDB39}.Debug|x86.ActiveCfg = Debug|iPhoneSimulator
		{A33191AC-EA17-4E45-A257-10079CDDDB39}.Debug|x86.Build.0 = Debug|iPhoneSimulator
		{A33191AC-EA17-4E45-A257-10079CDDDB39}.Debug|x86.Deploy.0 = Debug|iPhoneSimulator
		{A33191AC-EA17-4E45-A257-10079CDDDB39}.Release|Any CPU.ActiveCfg = Release|iPhoneSimulator
		{A33191AC-EA17-4E45-A257-10079CDDDB39}.Release|Any CPU.Build.0 = Release|iPhoneSimulator
		{A33191AC-EA17-4E45-A257-10079CDDDB39}.Release|Any CPU.Deploy.0 = Release|iPhoneSimulator
		{A33191AC-EA17-4E45-A257-10079CDDDB39}.Release|ARM.ActiveCfg = Release|iPhoneSimulator
		{A33191AC-EA17-4E45-A257-10079CDDDB39}.Release|ARM.Build.0 = Release|iPhoneSimulator
		{A33191AC-EA17-4E45-A257-10079CDDDB39}.Release|ARM.Deploy.0 = Release|iPhoneSimulator
		{A33191AC-EA17-4E45-A257-10079CDDDB39}.Release|iPhone.ActiveCfg = Release|iPhone
		{A33191AC-EA17-4E45-A257-10079CDDDB39}.Release|iPhone.Build.0 = Release|iPhone
		{A33191AC-EA17-4E45-A257-10079CDDDB39}.Release|iPhone.Deploy.0 = Release|iPhone
		{A33191AC-EA17-4E45-A257-10079CDDDB39}.Release|iPhoneSimulator.ActiveCfg = Release|iPhoneSimulator
		{A33191AC-EA17-4E45-A257-10079CDDDB39}.Release|iPhoneSimulator.Build.0 = Release|iPhoneSimulator
		{A33191AC-EA17-4E45-A257-10079CDDDB39}.Release|iPhoneSimulator.Deploy.0 = Release|iPhoneSimulator
		{A33191AC-EA17-4E45-A257-10079CDDDB39}.Release|x64.ActiveCfg = Release|iPhoneSimulator
		{A33191AC-EA17-4E45-A257-10079CDDDB39}.Release|x64.Build.0 = Release|iPhoneSimulator
		{A33191AC-EA17-4E45-A257-10079CDDDB39}.Release|x64.Deploy.0 = Release|iPhoneSimulator
		{A33191AC-EA17-4E45-A257-10079CDDDB39}.Release|x86.ActiveCfg = Release|iPhoneSimulator
		{A33191AC-EA17-4E45-A257-10079CDDDB39}.Release|x86.Build.0 = Release|iPhoneSimulator
		{A33191AC-EA17-4E45-A257-10079CDDDB39}.Release|x86.Deploy.0 = Release|iPhoneSimulator
		{A6AE2147-E9BE-43E3-B1B2-78DD0FFB3404}.Debug|Any CPU.ActiveCfg = Debug|Any CPU
		{A6AE2147-E9BE-43E3-B1B2-78DD0FFB3404}.Debug|Any CPU.Build.0 = Debug|Any CPU
		{A6AE2147-E9BE-43E3-B1B2-78DD0FFB3404}.Debug|Any CPU.Deploy.0 = Debug|Any CPU
		{A6AE2147-E9BE-43E3-B1B2-78DD0FFB3404}.Debug|ARM.ActiveCfg = Debug|Any CPU
		{A6AE2147-E9BE-43E3-B1B2-78DD0FFB3404}.Debug|ARM.Build.0 = Debug|Any CPU
		{A6AE2147-E9BE-43E3-B1B2-78DD0FFB3404}.Debug|ARM.Deploy.0 = Debug|Any CPU
		{A6AE2147-E9BE-43E3-B1B2-78DD0FFB3404}.Debug|iPhone.ActiveCfg = Debug|Any CPU
		{A6AE2147-E9BE-43E3-B1B2-78DD0FFB3404}.Debug|iPhone.Build.0 = Debug|Any CPU
		{A6AE2147-E9BE-43E3-B1B2-78DD0FFB3404}.Debug|iPhone.Deploy.0 = Debug|Any CPU
		{A6AE2147-E9BE-43E3-B1B2-78DD0FFB3404}.Debug|iPhoneSimulator.ActiveCfg = Debug|Any CPU
		{A6AE2147-E9BE-43E3-B1B2-78DD0FFB3404}.Debug|iPhoneSimulator.Build.0 = Debug|Any CPU
		{A6AE2147-E9BE-43E3-B1B2-78DD0FFB3404}.Debug|iPhoneSimulator.Deploy.0 = Debug|Any CPU
		{A6AE2147-E9BE-43E3-B1B2-78DD0FFB3404}.Debug|x64.ActiveCfg = Debug|Any CPU
		{A6AE2147-E9BE-43E3-B1B2-78DD0FFB3404}.Debug|x64.Build.0 = Debug|Any CPU
		{A6AE2147-E9BE-43E3-B1B2-78DD0FFB3404}.Debug|x64.Deploy.0 = Debug|Any CPU
		{A6AE2147-E9BE-43E3-B1B2-78DD0FFB3404}.Debug|x86.ActiveCfg = Debug|Any CPU
		{A6AE2147-E9BE-43E3-B1B2-78DD0FFB3404}.Debug|x86.Build.0 = Debug|Any CPU
		{A6AE2147-E9BE-43E3-B1B2-78DD0FFB3404}.Debug|x86.Deploy.0 = Debug|Any CPU
		{A6AE2147-E9BE-43E3-B1B2-78DD0FFB3404}.Release|Any CPU.ActiveCfg = Release|Any CPU
		{A6AE2147-E9BE-43E3-B1B2-78DD0FFB3404}.Release|Any CPU.Build.0 = Release|Any CPU
		{A6AE2147-E9BE-43E3-B1B2-78DD0FFB3404}.Release|Any CPU.Deploy.0 = Release|Any CPU
		{A6AE2147-E9BE-43E3-B1B2-78DD0FFB3404}.Release|ARM.ActiveCfg = Release|Any CPU
		{A6AE2147-E9BE-43E3-B1B2-78DD0FFB3404}.Release|ARM.Build.0 = Release|Any CPU
		{A6AE2147-E9BE-43E3-B1B2-78DD0FFB3404}.Release|ARM.Deploy.0 = Release|Any CPU
		{A6AE2147-E9BE-43E3-B1B2-78DD0FFB3404}.Release|iPhone.ActiveCfg = Release|Any CPU
		{A6AE2147-E9BE-43E3-B1B2-78DD0FFB3404}.Release|iPhone.Build.0 = Release|Any CPU
		{A6AE2147-E9BE-43E3-B1B2-78DD0FFB3404}.Release|iPhone.Deploy.0 = Release|Any CPU
		{A6AE2147-E9BE-43E3-B1B2-78DD0FFB3404}.Release|iPhoneSimulator.ActiveCfg = Release|Any CPU
		{A6AE2147-E9BE-43E3-B1B2-78DD0FFB3404}.Release|iPhoneSimulator.Build.0 = Release|Any CPU
		{A6AE2147-E9BE-43E3-B1B2-78DD0FFB3404}.Release|iPhoneSimulator.Deploy.0 = Release|Any CPU
		{A6AE2147-E9BE-43E3-B1B2-78DD0FFB3404}.Release|x64.ActiveCfg = Release|Any CPU
		{A6AE2147-E9BE-43E3-B1B2-78DD0FFB3404}.Release|x64.Build.0 = Release|Any CPU
		{A6AE2147-E9BE-43E3-B1B2-78DD0FFB3404}.Release|x64.Deploy.0 = Release|Any CPU
		{A6AE2147-E9BE-43E3-B1B2-78DD0FFB3404}.Release|x86.ActiveCfg = Release|Any CPU
		{A6AE2147-E9BE-43E3-B1B2-78DD0FFB3404}.Release|x86.Build.0 = Release|Any CPU
		{A6AE2147-E9BE-43E3-B1B2-78DD0FFB3404}.Release|x86.Deploy.0 = Release|Any CPU
		{A811C28B-49E9-4501-A04F-93AF389C621D}.Debug|Any CPU.ActiveCfg = Debug|Any CPU
		{A811C28B-49E9-4501-A04F-93AF389C621D}.Debug|Any CPU.Build.0 = Debug|Any CPU
		{A811C28B-49E9-4501-A04F-93AF389C621D}.Debug|ARM.ActiveCfg = Debug|Any CPU
		{A811C28B-49E9-4501-A04F-93AF389C621D}.Debug|ARM.Build.0 = Debug|Any CPU
		{A811C28B-49E9-4501-A04F-93AF389C621D}.Debug|iPhone.ActiveCfg = Debug|Any CPU
		{A811C28B-49E9-4501-A04F-93AF389C621D}.Debug|iPhone.Build.0 = Debug|Any CPU
		{A811C28B-49E9-4501-A04F-93AF389C621D}.Debug|iPhoneSimulator.ActiveCfg = Debug|Any CPU
		{A811C28B-49E9-4501-A04F-93AF389C621D}.Debug|iPhoneSimulator.Build.0 = Debug|Any CPU
		{A811C28B-49E9-4501-A04F-93AF389C621D}.Debug|x64.ActiveCfg = Debug|Any CPU
		{A811C28B-49E9-4501-A04F-93AF389C621D}.Debug|x64.Build.0 = Debug|Any CPU
		{A811C28B-49E9-4501-A04F-93AF389C621D}.Debug|x86.ActiveCfg = Debug|Any CPU
		{A811C28B-49E9-4501-A04F-93AF389C621D}.Debug|x86.Build.0 = Debug|Any CPU
		{A811C28B-49E9-4501-A04F-93AF389C621D}.Release|Any CPU.ActiveCfg = Release|Any CPU
		{A811C28B-49E9-4501-A04F-93AF389C621D}.Release|Any CPU.Build.0 = Release|Any CPU
		{A811C28B-49E9-4501-A04F-93AF389C621D}.Release|ARM.ActiveCfg = Release|Any CPU
		{A811C28B-49E9-4501-A04F-93AF389C621D}.Release|ARM.Build.0 = Release|Any CPU
		{A811C28B-49E9-4501-A04F-93AF389C621D}.Release|iPhone.ActiveCfg = Release|Any CPU
		{A811C28B-49E9-4501-A04F-93AF389C621D}.Release|iPhone.Build.0 = Release|Any CPU
		{A811C28B-49E9-4501-A04F-93AF389C621D}.Release|iPhoneSimulator.ActiveCfg = Release|Any CPU
		{A811C28B-49E9-4501-A04F-93AF389C621D}.Release|iPhoneSimulator.Build.0 = Release|Any CPU
		{A811C28B-49E9-4501-A04F-93AF389C621D}.Release|x64.ActiveCfg = Release|Any CPU
		{A811C28B-49E9-4501-A04F-93AF389C621D}.Release|x64.Build.0 = Release|Any CPU
		{A811C28B-49E9-4501-A04F-93AF389C621D}.Release|x86.ActiveCfg = Release|Any CPU
		{A811C28B-49E9-4501-A04F-93AF389C621D}.Release|x86.Build.0 = Release|Any CPU
	EndGlobalSection
	GlobalSection(SolutionProperties) = preSolution
		HideSolutionNode = FALSE
	EndGlobalSection
	GlobalSection(ExtensibilityGlobals) = postSolution
		SolutionGuid = {2CF13D6A-7B91-46AE-8282-F559141F0060}
	EndGlobalSection
EndGlobal
